// !$*UTF8*$!
{
	archiveVersion = 1;
	classes = {
	};
	objectVersion = 46;
	objects = {

/* Begin PBXBuildFile section */
		3D046E101E1567D80085A98D /* AppDelegate.swift in Sources */ = {isa = PBXBuildFile; fileRef = 3D046E0F1E1567D80085A98D /* AppDelegate.swift */; };
		3D046E151E1567D80085A98D /* Main.storyboard in Resources */ = {isa = PBXBuildFile; fileRef = 3D046E131E1567D80085A98D /* Main.storyboard */; };
		3D046E171E1567D80085A98D /* Assets.xcassets in Resources */ = {isa = PBXBuildFile; fileRef = 3D046E161E1567D80085A98D /* Assets.xcassets */; };
		3D046E1A1E1567D80085A98D /* LaunchScreen.storyboard in Resources */ = {isa = PBXBuildFile; fileRef = 3D046E181E1567D80085A98D /* LaunchScreen.storyboard */; };
		3D0E76C21E1585B6006D429A /* Currency.swift in Sources */ = {isa = PBXBuildFile; fileRef = 3D0E76C11E1585B6006D429A /* Currency.swift */; };
		3D0E76C51E158D74006D429A /* CurrencyStore.swift in Sources */ = {isa = PBXBuildFile; fileRef = 3D0E76C41E158D74006D429A /* CurrencyStore.swift */; };
		3D2199A11E168DC800DB63E3 /* CurrencyAPI.swift in Sources */ = {isa = PBXBuildFile; fileRef = 3D2199A01E168DC800DB63E3 /* CurrencyAPI.swift */; };
		3D2199A41E18003E00DB63E3 /* CurrencyViewController.swift in Sources */ = {isa = PBXBuildFile; fileRef = 3D2199A31E18003E00DB63E3 /* CurrencyViewController.swift */; };
		3D2199A61E18324100DB63E3 /* CurrencyTableViewDataSource.swift in Sources */ = {isa = PBXBuildFile; fileRef = 3D2199A51E18324100DB63E3 /* CurrencyTableViewDataSource.swift */; };
		3D2199A91E18341700DB63E3 /* CurrencyItemCell.swift in Sources */ = {isa = PBXBuildFile; fileRef = 3D2199A81E18341700DB63E3 /* CurrencyItemCell.swift */; };
		3D2199AB1E1A991300DB63E3 /* AddCurrencyViewController.swift in Sources */ = {isa = PBXBuildFile; fileRef = 3D2199AA1E1A991300DB63E3 /* AddCurrencyViewController.swift */; };
		3D2199AF1E1A9A7600DB63E3 /* CurrencyNewsViewController.swift in Sources */ = {isa = PBXBuildFile; fileRef = 3D2199AE1E1A9A7600DB63E3 /* CurrencyNewsViewController.swift */; };
		3D2199B21E1AA9A400DB63E3 /* AddCurrencyTableViewDataSource.swift in Sources */ = {isa = PBXBuildFile; fileRef = 3D2199B11E1AA9A400DB63E3 /* AddCurrencyTableViewDataSource.swift */; };
		3D2199B41E1AADE300DB63E3 /* AddCurrencyCell.swift in Sources */ = {isa = PBXBuildFile; fileRef = 3D2199B31E1AADE300DB63E3 /* AddCurrencyCell.swift */; };
		3D2199B71E1C328300DB63E3 /* AdManager.swift in Sources */ = {isa = PBXBuildFile; fileRef = 3D2199B61E1C328300DB63E3 /* AdManager.swift */; };
		3D845C281E2175700050B873 /* CurrencyTextField.swift in Sources */ = {isa = PBXBuildFile; fileRef = 3D845C271E2175700050B873 /* CurrencyTextField.swift */; };
		3D845C2A1E2182940050B873 /* CurrencyFullNames.swift in Sources */ = {isa = PBXBuildFile; fileRef = 3D845C291E2182940050B873 /* CurrencyFullNames.swift */; };
		6CFB69DC2136DCC9B7195596 /* Pods_CashConvert.framework in Frameworks */ = {isa = PBXBuildFile; fileRef = AA2E9092968864051B17D155 /* Pods_CashConvert.framework */; };
/* End PBXBuildFile section */

/* Begin PBXFileReference section */
		0948769FDC8BE906BDEC20C0 /* Pods-CashConvert.debug.xcconfig */ = {isa = PBXFileReference; includeInIndex = 1; lastKnownFileType = text.xcconfig; name = "Pods-CashConvert.debug.xcconfig"; path = "Pods/Target Support Files/Pods-CashConvert/Pods-CashConvert.debug.xcconfig"; sourceTree = "<group>"; };
		3D046E0C1E1567D80085A98D /* CashConvert.app */ = {isa = PBXFileReference; explicitFileType = wrapper.application; includeInIndex = 0; path = CashConvert.app; sourceTree = BUILT_PRODUCTS_DIR; };
		3D046E0F1E1567D80085A98D /* AppDelegate.swift */ = {isa = PBXFileReference; lastKnownFileType = sourcecode.swift; path = AppDelegate.swift; sourceTree = "<group>"; };
		3D046E141E1567D80085A98D /* Base */ = {isa = PBXFileReference; lastKnownFileType = file.storyboard; name = Base; path = Base.lproj/Main.storyboard; sourceTree = "<group>"; };
		3D046E161E1567D80085A98D /* Assets.xcassets */ = {isa = PBXFileReference; lastKnownFileType = folder.assetcatalog; path = Assets.xcassets; sourceTree = "<group>"; };
		3D046E191E1567D80085A98D /* Base */ = {isa = PBXFileReference; lastKnownFileType = file.storyboard; name = Base; path = Base.lproj/LaunchScreen.storyboard; sourceTree = "<group>"; };
		3D046E1B1E1567D80085A98D /* Info.plist */ = {isa = PBXFileReference; lastKnownFileType = text.plist.xml; path = Info.plist; sourceTree = "<group>"; };
		3D0E76C11E1585B6006D429A /* Currency.swift */ = {isa = PBXFileReference; fileEncoding = 4; lastKnownFileType = sourcecode.swift; path = Currency.swift; sourceTree = "<group>"; };
		3D0E76C41E158D74006D429A /* CurrencyStore.swift */ = {isa = PBXFileReference; fileEncoding = 4; lastKnownFileType = sourcecode.swift; path = CurrencyStore.swift; sourceTree = "<group>"; };
		3D2199A01E168DC800DB63E3 /* CurrencyAPI.swift */ = {isa = PBXFileReference; fileEncoding = 4; lastKnownFileType = sourcecode.swift; path = CurrencyAPI.swift; sourceTree = "<group>"; };
		3D2199A31E18003E00DB63E3 /* CurrencyViewController.swift */ = {isa = PBXFileReference; fileEncoding = 4; lastKnownFileType = sourcecode.swift; path = CurrencyViewController.swift; sourceTree = "<group>"; };
		3D2199A51E18324100DB63E3 /* CurrencyTableViewDataSource.swift */ = {isa = PBXFileReference; fileEncoding = 4; lastKnownFileType = sourcecode.swift; path = CurrencyTableViewDataSource.swift; sourceTree = "<group>"; };
		3D2199A81E18341700DB63E3 /* CurrencyItemCell.swift */ = {isa = PBXFileReference; fileEncoding = 4; lastKnownFileType = sourcecode.swift; path = CurrencyItemCell.swift; sourceTree = "<group>"; };
		3D2199AA1E1A991300DB63E3 /* AddCurrencyViewController.swift */ = {isa = PBXFileReference; fileEncoding = 4; lastKnownFileType = sourcecode.swift; path = AddCurrencyViewController.swift; sourceTree = "<group>"; };
		3D2199AE1E1A9A7600DB63E3 /* CurrencyNewsViewController.swift */ = {isa = PBXFileReference; fileEncoding = 4; lastKnownFileType = sourcecode.swift; path = CurrencyNewsViewController.swift; sourceTree = "<group>"; };
		3D2199B11E1AA9A400DB63E3 /* AddCurrencyTableViewDataSource.swift */ = {isa = PBXFileReference; fileEncoding = 4; lastKnownFileType = sourcecode.swift; path = AddCurrencyTableViewDataSource.swift; sourceTree = "<group>"; };
		3D2199B31E1AADE300DB63E3 /* AddCurrencyCell.swift */ = {isa = PBXFileReference; fileEncoding = 4; lastKnownFileType = sourcecode.swift; path = AddCurrencyCell.swift; sourceTree = "<group>"; };
		3D2199B61E1C328300DB63E3 /* AdManager.swift */ = {isa = PBXFileReference; fileEncoding = 4; lastKnownFileType = sourcecode.swift; path = AdManager.swift; sourceTree = "<group>"; };
		3D845C271E2175700050B873 /* CurrencyTextField.swift */ = {isa = PBXFileReference; fileEncoding = 4; lastKnownFileType = sourcecode.swift; path = CurrencyTextField.swift; sourceTree = "<group>"; };
		3D845C291E2182940050B873 /* CurrencyFullNames.swift */ = {isa = PBXFileReference; fileEncoding = 4; lastKnownFileType = sourcecode.swift; path = CurrencyFullNames.swift; sourceTree = "<group>"; };
		AA2E9092968864051B17D155 /* Pods_CashConvert.framework */ = {isa = PBXFileReference; explicitFileType = wrapper.framework; includeInIndex = 0; path = Pods_CashConvert.framework; sourceTree = BUILT_PRODUCTS_DIR; };
		B1687E30489F6C7F92D83070 /* Pods-CashConvert.release.xcconfig */ = {isa = PBXFileReference; includeInIndex = 1; lastKnownFileType = text.xcconfig; name = "Pods-CashConvert.release.xcconfig"; path = "Pods/Target Support Files/Pods-CashConvert/Pods-CashConvert.release.xcconfig"; sourceTree = "<group>"; };
/* End PBXFileReference section */

/* Begin PBXFrameworksBuildPhase section */
		3D046E091E1567D80085A98D /* Frameworks */ = {
			isa = PBXFrameworksBuildPhase;
			buildActionMask = 2147483647;
			files = (
				6CFB69DC2136DCC9B7195596 /* Pods_CashConvert.framework in Frameworks */,
			);
			runOnlyForDeploymentPostprocessing = 0;
		};
/* End PBXFrameworksBuildPhase section */

/* Begin PBXGroup section */
		3D046E031E1567D80085A98D = {
			isa = PBXGroup;
			children = (
				3D046E0E1E1567D80085A98D /* CashConvert */,
				3D046E0D1E1567D80085A98D /* Products */,
				44DFE6712E954EE7566804D5 /* Pods */,
				AFE10D1653A692DCC2AC1776 /* Frameworks */,
			);
			sourceTree = "<group>";
		};
		3D046E0D1E1567D80085A98D /* Products */ = {
			isa = PBXGroup;
			children = (
				3D046E0C1E1567D80085A98D /* CashConvert.app */,
			);
			name = Products;
			sourceTree = "<group>";
		};
		3D046E0E1E1567D80085A98D /* CashConvert */ = {
			isa = PBXGroup;
			children = (
				3D2199B51E1C326700DB63E3 /* Utility */,
				3D2199B01E1AA97600DB63E3 /* TableViewDataSource */,
				3D2199A71E1833F300DB63E3 /* Views */,
				3D2199A21E18000300DB63E3 /* Controllers */,
				3D0E76C31E158D2C006D429A /* Model */,
				3D046E0F1E1567D80085A98D /* AppDelegate.swift */,
				3D046E131E1567D80085A98D /* Main.storyboard */,
				3D046E161E1567D80085A98D /* Assets.xcassets */,
				3D046E181E1567D80085A98D /* LaunchScreen.storyboard */,
				3D046E1B1E1567D80085A98D /* Info.plist */,
			);
			path = CashConvert;
			sourceTree = "<group>";
		};
		3D0E76C31E158D2C006D429A /* Model */ = {
			isa = PBXGroup;
			children = (
				3D0E76C11E1585B6006D429A /* Currency.swift */,
				3D0E76C41E158D74006D429A /* CurrencyStore.swift */,
				3D2199A01E168DC800DB63E3 /* CurrencyAPI.swift */,
			);
			name = Model;
			sourceTree = "<group>";
		};
		3D2199A21E18000300DB63E3 /* Controllers */ = {
			isa = PBXGroup;
			children = (
				3D2199A31E18003E00DB63E3 /* CurrencyViewController.swift */,
				3D2199AA1E1A991300DB63E3 /* AddCurrencyViewController.swift */,
				3D2199AE1E1A9A7600DB63E3 /* CurrencyNewsViewController.swift */,
			);
			name = Controllers;
			sourceTree = "<group>";
		};
		3D2199A71E1833F300DB63E3 /* Views */ = {
			isa = PBXGroup;
			children = (
				3D2199A81E18341700DB63E3 /* CurrencyItemCell.swift */,
				3D2199B31E1AADE300DB63E3 /* AddCurrencyCell.swift */,
				3D845C271E2175700050B873 /* CurrencyTextField.swift */,
			);
			name = Views;
			sourceTree = "<group>";
		};
		3D2199B01E1AA97600DB63E3 /* TableViewDataSource */ = {
			isa = PBXGroup;
			children = (
				3D2199A51E18324100DB63E3 /* CurrencyTableViewDataSource.swift */,
				3D2199B11E1AA9A400DB63E3 /* AddCurrencyTableViewDataSource.swift */,
			);
			name = TableViewDataSource;
			sourceTree = "<group>";
		};
		3D2199B51E1C326700DB63E3 /* Utility */ = {
			isa = PBXGroup;
			children = (
				3D2199B61E1C328300DB63E3 /* AdManager.swift */,
				3D845C291E2182940050B873 /* CurrencyFullNames.swift */,
			);
			name = Utility;
			sourceTree = "<group>";
		};
		44DFE6712E954EE7566804D5 /* Pods */ = {
			isa = PBXGroup;
			children = (
				0948769FDC8BE906BDEC20C0 /* Pods-CashConvert.debug.xcconfig */,
				B1687E30489F6C7F92D83070 /* Pods-CashConvert.release.xcconfig */,
			);
			name = Pods;
			sourceTree = "<group>";
		};
		AFE10D1653A692DCC2AC1776 /* Frameworks */ = {
			isa = PBXGroup;
			children = (
				AA2E9092968864051B17D155 /* Pods_CashConvert.framework */,
			);
			name = Frameworks;
			sourceTree = "<group>";
		};
/* End PBXGroup section */

/* Begin PBXNativeTarget section */
		3D046E0B1E1567D80085A98D /* CashConvert */ = {
			isa = PBXNativeTarget;
			buildConfigurationList = 3D046E1E1E1567D80085A98D /* Build configuration list for PBXNativeTarget "CashConvert" */;
			buildPhases = (
				88704B9CAC146AF4780D013D /* [CP] Check Pods Manifest.lock */,
				3D046E081E1567D80085A98D /* Sources */,
				3D046E091E1567D80085A98D /* Frameworks */,
				3D046E0A1E1567D80085A98D /* Resources */,
				7C4BC58CBE7EB942818E701B /* [CP] Embed Pods Frameworks */,
				8DE86EC6C9108A7C062127F9 /* [CP] Copy Pods Resources */,
			);
			buildRules = (
			);
			dependencies = (
			);
			name = CashConvert;
			productName = CashConvert;
			productReference = 3D046E0C1E1567D80085A98D /* CashConvert.app */;
			productType = "com.apple.product-type.application";
		};
/* End PBXNativeTarget section */

/* Begin PBXProject section */
		3D046E041E1567D80085A98D /* Project object */ = {
			isa = PBXProject;
			attributes = {
				LastSwiftUpdateCheck = 0730;
				LastUpgradeCheck = 0730;
				ORGANIZATIONNAME = "Tseng Yu Siang";
				TargetAttributes = {
					3D046E0B1E1567D80085A98D = {
						CreatedOnToolsVersion = 7.3.1;
					};
				};
			};
			buildConfigurationList = 3D046E071E1567D80085A98D /* Build configuration list for PBXProject "CashConvert" */;
			compatibilityVersion = "Xcode 3.2";
			developmentRegion = English;
			hasScannedForEncodings = 0;
			knownRegions = (
				en,
				Base,
			);
			mainGroup = 3D046E031E1567D80085A98D;
			productRefGroup = 3D046E0D1E1567D80085A98D /* Products */;
			projectDirPath = "";
			projectRoot = "";
			targets = (
				3D046E0B1E1567D80085A98D /* CashConvert */,
			);
		};
/* End PBXProject section */

/* Begin PBXResourcesBuildPhase section */
		3D046E0A1E1567D80085A98D /* Resources */ = {
			isa = PBXResourcesBuildPhase;
			buildActionMask = 2147483647;
			files = (
				3D046E1A1E1567D80085A98D /* LaunchScreen.storyboard in Resources */,
				3D046E171E1567D80085A98D /* Assets.xcassets in Resources */,
				3D046E151E1567D80085A98D /* Main.storyboard in Resources */,
			);
			runOnlyForDeploymentPostprocessing = 0;
		};
/* End PBXResourcesBuildPhase section */

/* Begin PBXShellScriptBuildPhase section */
		7C4BC58CBE7EB942818E701B /* [CP] Embed Pods Frameworks */ = {
			isa = PBXShellScriptBuildPhase;
			buildActionMask = 2147483647;
			files = (
			);
			inputPaths = (
			);
			name = "[CP] Embed Pods Frameworks";
			outputPaths = (
			);
			runOnlyForDeploymentPostprocessing = 0;
			shellPath = /bin/sh;
			shellScript = "\"${SRCROOT}/Pods/Target Support Files/Pods-CashConvert/Pods-CashConvert-frameworks.sh\"\n";
			showEnvVarsInLog = 0;
		};
		88704B9CAC146AF4780D013D /* [CP] Check Pods Manifest.lock */ = {
			isa = PBXShellScriptBuildPhase;
			buildActionMask = 2147483647;
			files = (
			);
			inputPaths = (
			);
			name = "[CP] Check Pods Manifest.lock";
			outputPaths = (
			);
			runOnlyForDeploymentPostprocessing = 0;
			shellPath = /bin/sh;
			shellScript = "diff \"${PODS_ROOT}/../Podfile.lock\" \"${PODS_ROOT}/Manifest.lock\" > /dev/null\nif [ $? != 0 ] ; then\n    # print error to STDERR\n    echo \"error: The sandbox is not in sync with the Podfile.lock. Run 'pod install' or update your CocoaPods installation.\" >&2\n    exit 1\nfi\n";
			showEnvVarsInLog = 0;
		};
		8DE86EC6C9108A7C062127F9 /* [CP] Copy Pods Resources */ = {
			isa = PBXShellScriptBuildPhase;
			buildActionMask = 2147483647;
			files = (
			);
			inputPaths = (
			);
			name = "[CP] Copy Pods Resources";
			outputPaths = (
			);
			runOnlyForDeploymentPostprocessing = 0;
			shellPath = /bin/sh;
			shellScript = "\"${SRCROOT}/Pods/Target Support Files/Pods-CashConvert/Pods-CashConvert-resources.sh\"\n";
			showEnvVarsInLog = 0;
		};
/* End PBXShellScriptBuildPhase section */

/* Begin PBXSourcesBuildPhase section */
		3D046E081E1567D80085A98D /* Sources */ = {
			isa = PBXSourcesBuildPhase;
			buildActionMask = 2147483647;
			files = (
				3D845C281E2175700050B873 /* CurrencyTextField.swift in Sources */,
				3D2199B21E1AA9A400DB63E3 /* AddCurrencyTableViewDataSource.swift in Sources */,
				3D0E76C21E1585B6006D429A /* Currency.swift in Sources */,
				3D2199A11E168DC800DB63E3 /* CurrencyAPI.swift in Sources */,
				3D0E76C51E158D74006D429A /* CurrencyStore.swift in Sources */,
				3D046E101E1567D80085A98D /* AppDelegate.swift in Sources */,
				3D2199B41E1AADE300DB63E3 /* AddCurrencyCell.swift in Sources */,
				3D2199B71E1C328300DB63E3 /* AdManager.swift in Sources */,
				3D845C2A1E2182940050B873 /* CurrencyFullNames.swift in Sources */,
				3D2199A41E18003E00DB63E3 /* CurrencyViewController.swift in Sources */,
				3D2199AF1E1A9A7600DB63E3 /* CurrencyNewsViewController.swift in Sources */,
				3D2199AB1E1A991300DB63E3 /* AddCurrencyViewController.swift in Sources */,
				3D2199A61E18324100DB63E3 /* CurrencyTableViewDataSource.swift in Sources */,
				3D2199A91E18341700DB63E3 /* CurrencyItemCell.swift in Sources */,
			);
			runOnlyForDeploymentPostprocessing = 0;
		};
/* End PBXSourcesBuildPhase section */

/* Begin PBXVariantGroup section */
		3D046E131E1567D80085A98D /* Main.storyboard */ = {
			isa = PBXVariantGroup;
			children = (
				3D046E141E1567D80085A98D /* Base */,
			);
			name = Main.storyboard;
			sourceTree = "<group>";
		};
		3D046E181E1567D80085A98D /* LaunchScreen.storyboard */ = {
			isa = PBXVariantGroup;
			children = (
				3D046E191E1567D80085A98D /* Base */,
			);
			name = LaunchScreen.storyboard;
			sourceTree = "<group>";
		};
/* End PBXVariantGroup section */

/* Begin XCBuildConfiguration section */
		3D046E1C1E1567D80085A98D /* Debug */ = {
			isa = XCBuildConfiguration;
			buildSettings = {
				ALWAYS_SEARCH_USER_PATHS = NO;
				CLANG_ANALYZER_NONNULL = YES;
				CLANG_CXX_LANGUAGE_STANDARD = "gnu++0x";
				CLANG_CXX_LIBRARY = "libc++";
				CLANG_ENABLE_MODULES = YES;
				CLANG_ENABLE_OBJC_ARC = YES;
				CLANG_WARN_BOOL_CONVERSION = YES;
				CLANG_WARN_CONSTANT_CONVERSION = YES;
				CLANG_WARN_DIRECT_OBJC_ISA_USAGE = YES_ERROR;
				CLANG_WARN_EMPTY_BODY = YES;
				CLANG_WARN_ENUM_CONVERSION = YES;
				CLANG_WARN_INT_CONVERSION = YES;
				CLANG_WARN_OBJC_ROOT_CLASS = YES_ERROR;
				CLANG_WARN_UNREACHABLE_CODE = YES;
				CLANG_WARN__DUPLICATE_METHOD_MATCH = YES;
				"CODE_SIGN_IDENTITY[sdk=iphoneos*]" = "iPhone Developer";
				COPY_PHASE_STRIP = NO;
				DEBUG_INFORMATION_FORMAT = dwarf;
				ENABLE_STRICT_OBJC_MSGSEND = YES;
				ENABLE_TESTABILITY = YES;
				GCC_C_LANGUAGE_STANDARD = gnu99;
				GCC_DYNAMIC_NO_PIC = NO;
				GCC_NO_COMMON_BLOCKS = YES;
				GCC_OPTIMIZATION_LEVEL = 0;
				GCC_PREPROCESSOR_DEFINITIONS = (
					"DEBUG=1",
					"$(inherited)",
				);
				GCC_WARN_64_TO_32_BIT_CONVERSION = YES;
				GCC_WARN_ABOUT_RETURN_TYPE = YES_ERROR;
				GCC_WARN_UNDECLARED_SELECTOR = YES;
				GCC_WARN_UNINITIALIZED_AUTOS = YES_AGGRESSIVE;
				GCC_WARN_UNUSED_FUNCTION = YES;
				GCC_WARN_UNUSED_VARIABLE = YES;
				IPHONEOS_DEPLOYMENT_TARGET = 9.3;
				MTL_ENABLE_DEBUG_INFO = YES;
				ONLY_ACTIVE_ARCH = YES;
				SDKROOT = iphoneos;
				SWIFT_OPTIMIZATION_LEVEL = "-Onone";
			};
			name = Debug;
		};
		3D046E1D1E1567D80085A98D /* Release */ = {
			isa = XCBuildConfiguration;
			buildSettings = {
				ALWAYS_SEARCH_USER_PATHS = NO;
				CLANG_ANALYZER_NONNULL = YES;
				CLANG_CXX_LANGUAGE_STANDARD = "gnu++0x";
				CLANG_CXX_LIBRARY = "libc++";
				CLANG_ENABLE_MODULES = YES;
				CLANG_ENABLE_OBJC_ARC = YES;
				CLANG_WARN_BOOL_CONVERSION = YES;
				CLANG_WARN_CONSTANT_CONVERSION = YES;
				CLANG_WARN_DIRECT_OBJC_ISA_USAGE = YES_ERROR;
				CLANG_WARN_EMPTY_BODY = YES;
				CLANG_WARN_ENUM_CONVERSION = YES;
				CLANG_WARN_INT_CONVERSION = YES;
				CLANG_WARN_OBJC_ROOT_CLASS = YES_ERROR;
				CLANG_WARN_UNREACHABLE_CODE = YES;
				CLANG_WARN__DUPLICATE_METHOD_MATCH = YES;
				"CODE_SIGN_IDENTITY[sdk=iphoneos*]" = "iPhone Developer";
				COPY_PHASE_STRIP = NO;
				DEBUG_INFORMATION_FORMAT = "dwarf-with-dsym";
				ENABLE_NS_ASSERTIONS = NO;
				ENABLE_STRICT_OBJC_MSGSEND = YES;
				GCC_C_LANGUAGE_STANDARD = gnu99;
				GCC_NO_COMMON_BLOCKS = YES;
				GCC_WARN_64_TO_32_BIT_CONVERSION = YES;
				GCC_WARN_ABOUT_RETURN_TYPE = YES_ERROR;
				GCC_WARN_UNDECLARED_SELECTOR = YES;
				GCC_WARN_UNINITIALIZED_AUTOS = YES_AGGRESSIVE;
				GCC_WARN_UNUSED_FUNCTION = YES;
				GCC_WARN_UNUSED_VARIABLE = YES;
				IPHONEOS_DEPLOYMENT_TARGET = 9.3;
				MTL_ENABLE_DEBUG_INFO = NO;
				SDKROOT = iphoneos;
				VALIDATE_PRODUCT = YES;
			};
			name = Release;
		};
		3D046E1F1E1567D80085A98D /* Debug */ = {
			isa = XCBuildConfiguration;
			baseConfigurationReference = 0948769FDC8BE906BDEC20C0 /* Pods-CashConvert.debug.xcconfig */;
			buildSettings = {
				ASSETCATALOG_COMPILER_APPICON_NAME = AppIcon;
				INFOPLIST_FILE = CashConvert/Info.plist;
				LD_RUNPATH_SEARCH_PATHS = "$(inherited) @executable_path/Frameworks";
				PRODUCT_BUNDLE_IDENTIFIER = com.YuSiang.CashConvert;
				PRODUCT_NAME = "$(TARGET_NAME)";
			};
			name = Debug;
		};
		3D046E201E1567D80085A98D /* Release */ = {
			isa = XCBuildConfiguration;
			baseConfigurationReference = B1687E30489F6C7F92D83070 /* Pods-CashConvert.release.xcconfig */;
			buildSettings = {
				ASSETCATALOG_COMPILER_APPICON_NAME = AppIcon;
				INFOPLIST_FILE = CashConvert/Info.plist;
				LD_RUNPATH_SEARCH_PATHS = "$(inherited) @executable_path/Frameworks";
				PRODUCT_BUNDLE_IDENTIFIER = com.YuSiang.CashConvert;
				PRODUCT_NAME = "$(TARGET_NAME)";
			};
			name = Release;
		};
/* End XCBuildConfiguration section */

/* Begin XCConfigurationList section */
		3D046E071E1567D80085A98D /* Build configuration list for PBXProject "CashConvert" */ = {
			isa = XCConfigurationList;
			buildConfigurations = (
				3D046E1C1E1567D80085A98D /* Debug */,
				3D046E1D1E1567D80085A98D /* Release */,
			);
			defaultConfigurationIsVisible = 0;
			defaultConfigurationName = Release;
		};
		3D046E1E1E1567D80085A98D /* Build configuration list for PBXNativeTarget "CashConvert" */ = {
			isa = XCConfigurationList;
			buildConfigurations = (
				3D046E1F1E1567D80085A98D /* Debug */,
				3D046E201E1567D80085A98D /* Release */,
			);
			defaultConfigurationIsVisible = 0;
			defaultConfigurationName = Release;
		};
/* End XCConfigurationList section */
	};
	rootObject = 3D046E041E1567D80085A98D /* Project object */;
}
